
Microsoft Visual Studio Solution File, Format Version 12.00
# Visual Studio Version 17
VisualStudioVersion = 17.0.31903.59
MinimumVisualStudioVersion = 10.0.40219.1
Project("{2150E333-8FDC-42A3-9474-1A3956D46DE8}") = "source", "source", "{7A03089D-76CE-42E8-B278-17B98E2D04D7}"
EndProject
Project("{FAE04EC0-301F-11D3-BF4B-00C04F79EFBC}") = "zadanie-1.1", "source\zadanie-1.1\zadanie-1.1.csproj", "{90E2A216-77C6-48F6-9AAD-89114EBF4554}"
EndProject
Project("{FAE04EC0-301F-11D3-BF4B-00C04F79EFBC}") = "zadanie1-2", "source\zadanie1-2\zadanie1-2.csproj", "{19744900-CAAB-4B6C-84C9-7D59CF11F382}"
EndProject
Project("{FAE04EC0-301F-11D3-BF4B-00C04F79EFBC}") = "zadanie-1.3", "source\zadanie-1.3\zadanie-1.3.csproj", "{F214C4F0-5A44-44DC-A223-5A777AB885C0}"
EndProject
Project("{FAE04EC0-301F-11D3-BF4B-00C04F79EFBC}") = "zadanie-1.2", "source\zadanie-1.2\zadanie-1.2.csproj", "{78096F1E-E6A7-4797-B229-24C5B792F208}"
EndProject
Project("{FAE04EC0-301F-11D3-BF4B-00C04F79EFBC}") = "zadanie-1.4", "source\zadanie-1.4\zadanie-1.4.csproj", "{17AE5C6F-6B29-478C-BB7C-21E19A55C882}"
EndProject
Global
	GlobalSection(SolutionConfigurationPlatforms) = preSolution
		Debug|Any CPU = Debug|Any CPU
		Release|Any CPU = Release|Any CPU
	EndGlobalSection
	GlobalSection(SolutionProperties) = preSolution
		HideSolutionNode = FALSE
	EndGlobalSection
	GlobalSection(ProjectConfigurationPlatforms) = postSolution
		{90E2A216-77C6-48F6-9AAD-89114EBF4554}.Debug|Any CPU.ActiveCfg = Debug|Any CPU
		{90E2A216-77C6-48F6-9AAD-89114EBF4554}.Debug|Any CPU.Build.0 = Debug|Any CPU
		{90E2A216-77C6-48F6-9AAD-89114EBF4554}.Release|Any CPU.ActiveCfg = Release|Any CPU
		{90E2A216-77C6-48F6-9AAD-89114EBF4554}.Release|Any CPU.Build.0 = Release|Any CPU
		{19744900-CAAB-4B6C-84C9-7D59CF11F382}.Debug|Any CPU.ActiveCfg = Debug|Any CPU
		{19744900-CAAB-4B6C-84C9-7D59CF11F382}.Debug|Any CPU.Build.0 = Debug|Any CPU
		{19744900-CAAB-4B6C-84C9-7D59CF11F382}.Release|Any CPU.ActiveCfg = Release|Any CPU
		{19744900-CAAB-4B6C-84C9-7D59CF11F382}.Release|Any CPU.Build.0 = Release|Any CPU
		{F214C4F0-5A44-44DC-A223-5A777AB885C0}.Debug|Any CPU.ActiveCfg = Debug|Any CPU
		{F214C4F0-5A44-44DC-A223-5A777AB885C0}.Debug|Any CPU.Build.0 = Debug|Any CPU
		{F214C4F0-5A44-44DC-A223-5A777AB885C0}.Release|Any CPU.ActiveCfg = Release|Any CPU
		{F214C4F0-5A44-44DC-A223-5A777AB885C0}.Release|Any CPU.Build.0 = Release|Any CPU
		{78096F1E-E6A7-4797-B229-24C5B792F208}.Debug|Any CPU.ActiveCfg = Debug|Any CPU
		{78096F1E-E6A7-4797-B229-24C5B792F208}.Debug|Any CPU.Build.0 = Debug|Any CPU
		{78096F1E-E6A7-4797-B229-24C5B792F208}.Release|Any CPU.ActiveCfg = Release|Any CPU
		{78096F1E-E6A7-4797-B229-24C5B792F208}.Release|Any CPU.Build.0 = Release|Any CPU
		{17AE5C6F-6B29-478C-BB7C-21E19A55C882}.Debug|Any CPU.ActiveCfg = Debug|Any CPU
		{17AE5C6F-6B29-478C-BB7C-21E19A55C882}.Debug|Any CPU.Build.0 = Debug|Any CPU
		{17AE5C6F-6B29-478C-BB7C-21E19A55C882}.Release|Any CPU.ActiveCfg = Release|Any CPU
		{17AE5C6F-6B29-478C-BB7C-21E19A55C882}.Release|Any CPU.Build.0 = Release|Any CPU
	EndGlobalSection
	GlobalSection(NestedProjects) = preSolution
		{90E2A216-77C6-48F6-9AAD-89114EBF4554} = {7A03089D-76CE-42E8-B278-17B98E2D04D7}
		{19744900-CAAB-4B6C-84C9-7D59CF11F382} = {7A03089D-76CE-42E8-B278-17B98E2D04D7}
		{F214C4F0-5A44-44DC-A223-5A777AB885C0} = {7A03089D-76CE-42E8-B278-17B98E2D04D7}
		{78096F1E-E6A7-4797-B229-24C5B792F208} = {7A03089D-76CE-42E8-B278-17B98E2D04D7}
		{17AE5C6F-6B29-478C-BB7C-21E19A55C882} = {7A03089D-76CE-42E8-B278-17B98E2D04D7}
	EndGlobalSection
EndGlobal
